
Microsoft Visual Studio Solution File, Format Version 12.00
# Visual Studio Version 17
VisualStudioVersion = 17.9.34728.123
MinimumVisualStudioVersion = 10.0.40219.1
Project("{FAE04EC0-301F-11D3-BF4B-00C04F79EFBC}") = "Expense Tracker", "Expense Tracker\Expense Tracker.csproj", "{FDE2A6B8-7AC1-4599-A0FE-BD01C4670ADA}"
EndProject
Global
	GlobalSection(SolutionConfigurationPlatforms) = preSolution
		Debug|Any CPU = Debug|Any CPU
		Release|Any CPU = Release|Any CPU
	EndGlobalSection
	GlobalSection(ProjectConfigurationPlatforms) = postSolution
		{FDE2A6B8-7AC1-4599-A0FE-BD01C4670ADA}.Debug|Any CPU.ActiveCfg = Debug|Any CPU
		{FDE2A6B8-7AC1-4599-A0FE-BD01C4670ADA}.Debug|Any CPU.Build.0 = Debug|Any CPU
		{FDE2A6B8-7AC1-4599-A0FE-BD01C4670ADA}.Release|Any CPU.ActiveCfg = Release|Any CPU
		{FDE2A6B8-7AC1-4599-A0FE-BD01C4670ADA}.Release|Any CPU.Build.0 = Release|Any CPU
	EndGlobalSection
	GlobalSection(SolutionProperties) = preSolution
		HideSolutionNode = FALSE
	EndGlobalSection
	GlobalSection(ExtensibilityGlobals) = postSolution
		SolutionGuid = {74DE3509-E69B-4887-B31A-F44D4EC0A7F1}
	EndGlobalSection
EndGlobal
